// !$*UTF8*$!
{
	archiveVersion = 1;
	classes = {
	};
	objectVersion = 46;
	objects = {

/* Begin PBXBuildFile section */
		11C306E61E49642D00F7ADA9 /* FLURLSessionManager.swift in Sources */ = {isa = PBXBuildFile; fileRef = 11C306E51E49642D00F7ADA9 /* FLURLSessionManager.swift */; };
		11FEDA9D1E488C8100EA72CB /* AppDelegate.swift in Sources */ = {isa = PBXBuildFile; fileRef = 11FEDA9C1E488C8100EA72CB /* AppDelegate.swift */; };
		11FEDA9F1E488C8100EA72CB /* ViewController.swift in Sources */ = {isa = PBXBuildFile; fileRef = 11FEDA9E1E488C8100EA72CB /* ViewController.swift */; };
		11FEDAA21E488C8100EA72CB /* Main.storyboard in Resources */ = {isa = PBXBuildFile; fileRef = 11FEDAA01E488C8100EA72CB /* Main.storyboard */; };
		11FEDAA41E488C8100EA72CB /* Assets.xcassets in Resources */ = {isa = PBXBuildFile; fileRef = 11FEDAA31E488C8100EA72CB /* Assets.xcassets */; };
		11FEDAA71E488C8100EA72CB /* LaunchScreen.storyboard in Resources */ = {isa = PBXBuildFile; fileRef = 11FEDAA51E488C8100EA72CB /* LaunchScreen.storyboard */; };
		11FEDAB01E488CBB00EA72CB /* FLHttpSessionManager.swift in Sources */ = {isa = PBXBuildFile; fileRef = 11FEDAAE1E488CBB00EA72CB /* FLHttpSessionManager.swift */; };
		11FEDAB11E488CBB00EA72CB /* FLURLRequestSerialization.swift in Sources */ = {isa = PBXBuildFile; fileRef = 11FEDAAF1E488CBB00EA72CB /* FLURLRequestSerialization.swift */; };
/* End PBXBuildFile section */

/* Begin PBXFileReference section */
		11C306E51E49642D00F7ADA9 /* FLURLSessionManager.swift */ = {isa = PBXFileReference; fileEncoding = 4; lastKnownFileType = sourcecode.swift; path = FLURLSessionManager.swift; sourceTree = "<group>"; };
		11FEDA991E488C8100EA72CB /* FLHTTPSessionManager.app */ = {isa = PBXFileReference; explicitFileType = wrapper.application; includeInIndex = 0; path = FLHTTPSessionManager.app; sourceTree = BUILT_PRODUCTS_DIR; };
		11FEDA9C1E488C8100EA72CB /* AppDelegate.swift */ = {isa = PBXFileReference; lastKnownFileType = sourcecode.swift; path = AppDelegate.swift; sourceTree = "<group>"; };
		11FEDA9E1E488C8100EA72CB /* ViewController.swift */ = {isa = PBXFileReference; lastKnownFileType = sourcecode.swift; path = ViewController.swift; sourceTree = "<group>"; };
		11FEDAA11E488C8100EA72CB /* Base */ = {isa = PBXFileReference; lastKnownFileType = file.storyboard; name = Base; path = Base.lproj/Main.storyboard; sourceTree = "<group>"; };
		11FEDAA31E488C8100EA72CB /* Assets.xcassets */ = {isa = PBXFileReference; lastKnownFileType = folder.assetcatalog; path = Assets.xcassets; sourceTree = "<group>"; };
		11FEDAA61E488C8100EA72CB /* Base */ = {isa = PBXFileReference; lastKnownFileType = file.storyboard; name = Base; path = Base.lproj/LaunchScreen.storyboard; sourceTree = "<group>"; };
		11FEDAA81E488C8100EA72CB /* Info.plist */ = {isa = PBXFileReference; lastKnownFileType = text.plist.xml; path = Info.plist; sourceTree = "<group>"; };
		11FEDAAE1E488CBB00EA72CB /* FLHttpSessionManager.swift */ = {isa = PBXFileReference; fileEncoding = 4; lastKnownFileType = sourcecode.swift; path = FLHttpSessionManager.swift; sourceTree = "<group>"; };
		11FEDAAF1E488CBB00EA72CB /* FLURLRequestSerialization.swift */ = {isa = PBXFileReference; fileEncoding = 4; lastKnownFileType = sourcecode.swift; path = FLURLRequestSerialization.swift; sourceTree = "<group>"; };
/* End PBXFileReference section */

/* Begin PBXFrameworksBuildPhase section */
		11FEDA961E488C8100EA72CB /* Frameworks */ = {
			isa = PBXFrameworksBuildPhase;
			buildActionMask = 2147483647;
			files = (
			);
			runOnlyForDeploymentPostprocessing = 0;
		};
/* End PBXFrameworksBuildPhase section */

/* Begin PBXGroup section */
		11FEDA901E488C8000EA72CB = {
			isa = PBXGroup;
			children = (
				11FEDA9B1E488C8100EA72CB /* FLHTTPSessionManager */,
				11FEDA9A1E488C8100EA72CB /* Products */,
			);
			sourceTree = "<group>";
		};
		11FEDA9A1E488C8100EA72CB /* Products */ = {
			isa = PBXGroup;
			children = (
				11FEDA991E488C8100EA72CB /* FLHTTPSessionManager.app */,
			);
			name = Products;
			sourceTree = "<group>";
		};
		11FEDA9B1E488C8100EA72CB /* FLHTTPSessionManager */ = {
			isa = PBXGroup;
			children = (
				11FEDA9C1E488C8100EA72CB /* AppDelegate.swift */,
				11FEDA9E1E488C8100EA72CB /* ViewController.swift */,
				11FEDAAE1E488CBB00EA72CB /* FLHttpSessionManager.swift */,
				11C306E51E49642D00F7ADA9 /* FLURLSessionManager.swift */,
				11FEDAAF1E488CBB00EA72CB /* FLURLRequestSerialization.swift */,
				11FEDAA01E488C8100EA72CB /* Main.storyboard */,
				11FEDAA31E488C8100EA72CB /* Assets.xcassets */,
				11FEDAA51E488C8100EA72CB /* LaunchScreen.storyboard */,
				11FEDAA81E488C8100EA72CB /* Info.plist */,
			);
			path = FLHTTPSessionManager;
			sourceTree = "<group>";
		};
/* End PBXGroup section */

/* Begin PBXNativeTarget section */
		11FEDA981E488C8100EA72CB /* FLHTTPSessionManager */ = {
			isa = PBXNativeTarget;
			buildConfigurationList = 11FEDAAB1E488C8100EA72CB /* Build configuration list for PBXNativeTarget "FLHTTPSessionManager" */;
			buildPhases = (
				11FEDA951E488C8100EA72CB /* Sources */,
				11FEDA961E488C8100EA72CB /* Frameworks */,
				11FEDA971E488C8100EA72CB /* Resources */,
			);
			buildRules = (
			);
			dependencies = (
			);
			name = FLHTTPSessionManager;
			productName = FLHTTPSessionManager;
			productReference = 11FEDA991E488C8100EA72CB /* FLHTTPSessionManager.app */;
			productType = "com.apple.product-type.application";
		};
/* End PBXNativeTarget section */

/* Begin PBXProject section */
		11FEDA911E488C8000EA72CB /* Project object */ = {
			isa = PBXProject;
			attributes = {
				LastSwiftUpdateCheck = 0820;
				LastUpgradeCheck = 0820;
				ORGANIZATIONNAME = gitKong;
				TargetAttributes = {
					11FEDA981E488C8100EA72CB = {
						CreatedOnToolsVersion = 8.2.1;
						DevelopmentTeam = GB8FE8WWF8;
						ProvisioningStyle = Automatic;
					};
				};
			};
			buildConfigurationList = 11FEDA941E488C8000EA72CB /* Build configuration list for PBXProject "FLHTTPSessionManager" */;
			compatibilityVersion = "Xcode 3.2";
			developmentRegion = English;
			hasScannedForEncodings = 0;
			knownRegions = (
				en,
				Base,
			);
			mainGroup = 11FEDA901E488C8000EA72CB;
			productRefGroup = 11FEDA9A1E488C8100EA72CB /* Products */;
			projectDirPath = "";
			projectRoot = "";
			targets = (
				11FEDA981E488C8100EA72CB /* FLHTTPSessionManager */,
			);
		};
/* End PBXProject section */

/* Begin PBXResourcesBuildPhase section */
		11FEDA971E488C8100EA72CB /* Resources */ = {
			isa = PBXResourcesBuildPhase;
			buildActionMask = 2147483647;
			files = (
				11FEDAA71E488C8100EA72CB /* LaunchScreen.storyboard in Resources */,
				11FEDAA41E488C8100EA72CB /* Assets.xcassets in Resources */,
				11FEDAA21E488C8100EA72CB /* Main.storyboard in Resources */,
			);
			runOnlyForDeploymentPostprocessing = 0;
		};
/* End PBXResourcesBuildPhase section */

/* Begin PBXSourcesBuildPhase section */
		11FEDA951E488C8100EA72CB /* Sources */ = {
			isa = PBXSourcesBuildPhase;
			buildActionMask = 2147483647;
			files = (
				11FEDA9F1E488C8100EA72CB /* ViewController.swift in Sources */,
				11FEDA9D1E488C8100EA72CB /* AppDelegate.swift in Sources */,
				11FEDAB11E488CBB00EA72CB /* FLURLRequestSerialization.swift in Sources */,
				11C306E61E49642D00F7ADA9 /* FLURLSessionManager.swift in Sources */,
				11FEDAB01E488CBB00EA72CB /* FLHttpSessionManager.swift in Sources */,
			);
			runOnlyForDeploymentPostprocessing = 0;
		};
/* End PBXSourcesBuildPhase section */

/* Begin PBXVariantGroup section */
		11FEDAA01E488C8100EA72CB /* Main.storyboard */ = {
			isa = PBXVariantGroup;
			children = (
				11FEDAA11E488C8100EA72CB /* Base */,
			);
			name = Main.storyboard;
			sourceTree = "<group>";
		};
		11FEDAA51E488C8100EA72CB /* LaunchScreen.storyboard */ = {
			isa = PBXVariantGroup;
			children = (
				11FEDAA61E488C8100EA72CB /* Base */,
			);
			name = LaunchScreen.storyboard;
			sourceTree = "<group>";
		};
/* End PBXVariantGroup section */

/* Begin XCBuildConfiguration section */
		11FEDAA91E488C8100EA72CB /* Debug */ = {
			isa = XCBuildConfiguration;
			buildSettings = {
				ALWAYS_SEARCH_USER_PATHS = NO;
				CLANG_ANALYZER_NONNULL = YES;
				CLANG_CXX_LANGUAGE_STANDARD = "gnu++0x";
				CLANG_CXX_LIBRARY = "libc++";
				CLANG_ENABLE_MODULES = YES;
				CLANG_ENABLE_OBJC_ARC = YES;
				CLANG_WARN_BOOL_CONVERSION = YES;
				CLANG_WARN_CONSTANT_CONVERSION = YES;
				CLANG_WARN_DIRECT_OBJC_ISA_USAGE = YES_ERROR;
				CLANG_WARN_DOCUMENTATION_COMMENTS = YES;
				CLANG_WARN_EMPTY_BODY = YES;
				CLANG_WARN_ENUM_CONVERSION = YES;
				CLANG_WARN_INFINITE_RECURSION = YES;
				CLANG_WARN_INT_CONVERSION = YES;
				CLANG_WARN_OBJC_ROOT_CLASS = YES_ERROR;
				CLANG_WARN_SUSPICIOUS_MOVE = YES;
				CLANG_WARN_UNREACHABLE_CODE = YES;
				CLANG_WARN__DUPLICATE_METHOD_MATCH = YES;
				"CODE_SIGN_IDENTITY[sdk=iphoneos*]" = "iPhone Developer";
				COPY_PHASE_STRIP = NO;
				DEBUG_INFORMATION_FORMAT = dwarf;
				ENABLE_STRICT_OBJC_MSGSEND = YES;
				ENABLE_TESTABILITY = YES;
				GCC_C_LANGUAGE_STANDARD = gnu99;
				GCC_DYNAMIC_NO_PIC = NO;
				GCC_NO_COMMON_BLOCKS = YES;
				GCC_OPTIMIZATION_LEVEL = 0;
				GCC_PREPROCESSOR_DEFINITIONS = (
					"DEBUG=1",
					"$(inherited)",
				);
				GCC_WARN_64_TO_32_BIT_CONVERSION = YES;
				GCC_WARN_ABOUT_RETURN_TYPE = YES_ERROR;
				GCC_WARN_UNDECLARED_SELECTOR = YES;
				GCC_WARN_UNINITIALIZED_AUTOS = YES_AGGRESSIVE;
				GCC_WARN_UNUSED_FUNCTION = YES;
				GCC_WARN_UNUSED_VARIABLE = YES;
				IPHONEOS_DEPLOYMENT_TARGET = 10.2;
				MTL_ENABLE_DEBUG_INFO = YES;
				ONLY_ACTIVE_ARCH = YES;
				SDKROOT = iphoneos;
				SWIFT_ACTIVE_COMPILATION_CONDITIONS = DEBUG;
				SWIFT_OPTIMIZATION_LEVEL = "-Onone";
			};
			name = Debug;
		};
		11FEDAAA1E488C8100EA72CB /* Release */ = {
			isa = XCBuildConfiguration;
			buildSettings = {
				ALWAYS_SEARCH_USER_PATHS = NO;
				CLANG_ANALYZER_NONNULL = YES;
				CLANG_CXX_LANGUAGE_STANDARD = "gnu++0x";
				CLANG_CXX_LIBRARY = "libc++";
				CLANG_ENABLE_MODULES = YES;
				CLANG_ENABLE_OBJC_ARC = YES;
				CLANG_WARN_BOOL_CONVERSION = YES;
				CLANG_WARN_CONSTANT_CONVERSION = YES;
				CLANG_WARN_DIRECT_OBJC_ISA_USAGE = YES_ERROR;
				CLANG_WARN_DOCUMENTATION_COMMENTS = YES;
				CLANG_WARN_EMPTY_BODY = YES;
				CLANG_WARN_ENUM_CONVERSION = YES;
				CLANG_WARN_INFINITE_RECURSION = YES;
				CLANG_WARN_INT_CONVERSION = YES;
				CLANG_WARN_OBJC_ROOT_CLASS = YES_ERROR;
				CLANG_WARN_SUSPICIOUS_MOVE = YES;
				CLANG_WARN_UNREACHABLE_CODE = YES;
				CLANG_WARN__DUPLICATE_METHOD_MATCH = YES;
				"CODE_SIGN_IDENTITY[sdk=iphoneos*]" = "iPhone Developer";
				COPY_PHASE_STRIP = NO;
				DEBUG_INFORMATION_FORMAT = "dwarf-with-dsym";
				ENABLE_NS_ASSERTIONS = NO;
				ENABLE_STRICT_OBJC_MSGSEND = YES;
				GCC_C_LANGUAGE_STANDARD = gnu99;
				GCC_NO_COMMON_BLOCKS = YES;
				GCC_WARN_64_TO_32_BIT_CONVERSION = YES;
				GCC_WARN_ABOUT_RETURN_TYPE = YES_ERROR;
				GCC_WARN_UNDECLARED_SELECTOR = YES;
				GCC_WARN_UNINITIALIZED_AUTOS = YES_AGGRESSIVE;
				GCC_WARN_UNUSED_FUNCTION = YES;
				GCC_WARN_UNUSED_VARIABLE = YES;
				IPHONEOS_DEPLOYMENT_TARGET = 10.2;
				MTL_ENABLE_DEBUG_INFO = NO;
				SDKROOT = iphoneos;
				SWIFT_OPTIMIZATION_LEVEL = "-Owholemodule";
				VALIDATE_PRODUCT = YES;
			};
			name = Release;
		};
		11FEDAAC1E488C8100EA72CB /* Debug */ = {
			isa = XCBuildConfiguration;
			buildSettings = {
				ASSETCATALOG_COMPILER_APPICON_NAME = AppIcon;
				DEVELOPMENT_TEAM = GB8FE8WWF8;
				INFOPLIST_FILE = FLHTTPSessionManager/Info.plist;
				LD_RUNPATH_SEARCH_PATHS = "$(inherited) @executable_path/Frameworks";
				PRODUCT_BUNDLE_IDENTIFIER = gitKong.FLHTTPSessionManager;
				PRODUCT_NAME = "$(TARGET_NAME)";
				SWIFT_VERSION = 3.0;
			};
			name = Debug;
		};
		11FEDAAD1E488C8100EA72CB /* Release */ = {
			isa = XCBuildConfiguration;
			buildSettings = {
				ASSETCATALOG_COMPILER_APPICON_NAME = AppIcon;
				DEVELOPMENT_TEAM = GB8FE8WWF8;
				INFOPLIST_FILE = FLHTTPSessionManager/Info.plist;
				LD_RUNPATH_SEARCH_PATHS = "$(inherited) @executable_path/Frameworks";
				PRODUCT_BUNDLE_IDENTIFIER = gitKong.FLHTTPSessionManager;
				PRODUCT_NAME = "$(TARGET_NAME)";
				SWIFT_VERSION = 3.0;
			};
			name = Release;
		};
/* End XCBuildConfiguration section */

/* Begin XCConfigurationList section */
		11FEDA941E488C8000EA72CB /* Build configuration list for PBXProject "FLHTTPSessionManager" */ = {
			isa = XCConfigurationList;
			buildConfigurations = (
				11FEDAA91E488C8100EA72CB /* Debug */,
				11FEDAAA1E488C8100EA72CB /* Release */,
			);
			defaultConfigurationIsVisible = 0;
			defaultConfigurationName = Release;
		};
		11FEDAAB1E488C8100EA72CB /* Build configuration list for PBXNativeTarget "FLHTTPSessionManager" */ = {
			isa = XCConfigurationList;
			buildConfigurations = (
				11FEDAAC1E488C8100EA72CB /* Debug */,
				11FEDAAD1E488C8100EA72CB /* Release */,
			);
			defaultConfigurationIsVisible = 0;
			defaultConfigurationName = Release;
		};
/* End XCConfigurationList section */
	};
	rootObject = 11FEDA911E488C8000EA72CB /* Project object */;
}
